# This file was autogenerated by Stack.
# You should not edit this file by hand.
# For more information, please see the documentation at:
#   https://docs.haskellstack.org/en/stable/lock_files

packages:
- completed:
    hackage: hakyll-4.13.0.0@sha256:bb5cea5e4f88fd3e6818b86437cddf49755afb176d7675ff50c78c31a2f9c687,8751
    pantry-tree:
      size: 7703
      sha256: 17524533799bfa128be0a135f25ff0973e850e050a7969542e94fa123c6f4466
  original:
    hackage: hakyll-4.13.0.0@sha256:bb5cea5e4f88fd3e6818b86437cddf49755afb176d7675ff50c78c31a2f9c687,8751
snapshots:
- completed:
    size: 523884
    url: https://raw.githubusercontent.com/commercialhaskell/stackage-snapshots/master/lts/14/4.yaml
    sha256: 16f24be248b42c9e16d59db84378836b1e7c239448a041cae46d32daffa45a8b
  original: lts-14.4
